
Microsoft Visual Studio Solution File, Format Version 12.00
# Visual Studio Version 17
VisualStudioVersion = 17.5.33627.172
MinimumVisualStudioVersion = 10.0.40219.1
Project("{FAE04EC0-301F-11D3-BF4B-00C04F79EFBC}") = "JwtWebApıDotNet7", "JwtWebApıDotNet7.csproj", "{2C5AD8CF-7734-4F7F-B375-ABB7F643A844}"
EndProject
Global
	GlobalSection(SolutionConfigurationPlatforms) = preSolution
		Debug|Any CPU = Debug|Any CPU
		Release|Any CPU = Release|Any CPU
	EndGlobalSection
	GlobalSection(ProjectConfigurationPlatforms) = postSolution
		{2C5AD8CF-7734-4F7F-B375-ABB7F643A844}.Debug|Any CPU.ActiveCfg = Debug|Any CPU
		{2C5AD8CF-7734-4F7F-B375-ABB7F643A844}.Debug|Any CPU.Build.0 = Debug|Any CPU
		{2C5AD8CF-7734-4F7F-B375-ABB7F643A844}.Release|Any CPU.ActiveCfg = Release|Any CPU
		{2C5AD8CF-7734-4F7F-B375-ABB7F643A844}.Release|Any CPU.Build.0 = Release|Any CPU
	EndGlobalSection
	GlobalSection(SolutionProperties) = preSolution
		HideSolutionNode = FALSE
	EndGlobalSection
	GlobalSection(ExtensibilityGlobals) = postSolution
		SolutionGuid = {B2AB5787-EB41-407C-B152-D7210E1108DE}
	EndGlobalSection
EndGlobal
